
Microsoft Visual Studio Solution File, Format Version 12.00
# Visual Studio 15
VisualStudioVersion = 15.0.27703.2035
MinimumVisualStudioVersion = 10.0.40219.1
Project("{FAE04EC0-301F-11D3-BF4B-00C04F79EFBC}") = "Terraria Options", "Terraria Options\Terraria Options.csproj", "{22839594-50C9-41F8-9327-0A083D613838}"
EndProject
Global
	GlobalSection(SolutionConfigurationPlatforms) = preSolution
		Debug|Any CPU = Debug|Any CPU
		Release|Any CPU = Release|Any CPU
	EndGlobalSection
	GlobalSection(ProjectConfigurationPlatforms) = postSolution
		{22839594-50C9-41F8-9327-0A083D613838}.Debug|Any CPU.ActiveCfg = Debug|Any CPU
		{22839594-50C9-41F8-9327-0A083D613838}.Debug|Any CPU.Build.0 = Debug|Any CPU
		{22839594-50C9-41F8-9327-0A083D613838}.Release|Any CPU.ActiveCfg = Release|Any CPU
		{22839594-50C9-41F8-9327-0A083D613838}.Release|Any CPU.Build.0 = Release|Any CPU
	EndGlobalSection
	GlobalSection(SolutionProperties) = preSolution
		HideSolutionNode = FALSE
	EndGlobalSection
	GlobalSection(ExtensibilityGlobals) = postSolution
		SolutionGuid = {B8AD5364-9BCF-4583-AD34-DEEDC515788D}
	EndGlobalSection
EndGlobal
